// !$*UTF8*$!
{
	archiveVersion = 1;
	classes = {
	};
	objectVersion = 46;
	objects = {

/* Begin PBXBuildFile section */
		47E4AC881BC6844E00F640A1 /* main.m in Sources */ = {isa = PBXBuildFile; fileRef = 47E4AC871BC6844E00F640A1 /* main.m */; };
		47E4AC8B1BC6844E00F640A1 /* AppDelegate.m in Sources */ = {isa = PBXBuildFile; fileRef = 47E4AC8A1BC6844E00F640A1 /* AppDelegate.m */; };
		47E4AC8E1BC6844E00F640A1 /* ViewController.m in Sources */ = {isa = PBXBuildFile; fileRef = 47E4AC8D1BC6844E00F640A1 /* ViewController.m */; };
		47E4AC911BC6844E00F640A1 /* Main.storyboard in Resources */ = {isa = PBXBuildFile; fileRef = 47E4AC8F1BC6844E00F640A1 /* Main.storyboard */; };
		47E4AC931BC6844E00F640A1 /* Assets.xcassets in Resources */ = {isa = PBXBuildFile; fileRef = 47E4AC921BC6844E00F640A1 /* Assets.xcassets */; };
		47E4AC961BC6844E00F640A1 /* LaunchScreen.storyboard in Resources */ = {isa = PBXBuildFile; fileRef = 47E4AC941BC6844E00F640A1 /* LaunchScreen.storyboard */; };
		47E4ACA11BC6844E00F640A1 /* TestTests.m in Sources */ = {isa = PBXBuildFile; fileRef = 47E4ACA01BC6844E00F640A1 /* TestTests.m */; };
		47E4ACAC1BC6844E00F640A1 /* TestUITests.m in Sources */ = {isa = PBXBuildFile; fileRef = 47E4ACAB1BC6844E00F640A1 /* TestUITests.m */; };
		47E4ACBB1BC684A400F640A1 /* UIView+Layout.m in Sources */ = {isa = PBXBuildFile; fileRef = 47E4ACBA1BC684A400F640A1 /* UIView+Layout.m */; settings = {ASSET_TAGS = (); }; };
/* End PBXBuildFile section */

/* Begin PBXContainerItemProxy section */
		47E4AC9D1BC6844E00F640A1 /* PBXContainerItemProxy */ = {
			isa = PBXContainerItemProxy;
			containerPortal = 47E4AC7B1BC6844E00F640A1 /* Project object */;
			proxyType = 1;
			remoteGlobalIDString = 47E4AC821BC6844E00F640A1;
			remoteInfo = Test;
		};
		47E4ACA81BC6844E00F640A1 /* PBXContainerItemProxy */ = {
			isa = PBXContainerItemProxy;
			containerPortal = 47E4AC7B1BC6844E00F640A1 /* Project object */;
			proxyType = 1;
			remoteGlobalIDString = 47E4AC821BC6844E00F640A1;
			remoteInfo = Test;
		};
/* End PBXContainerItemProxy section */

/* Begin PBXFileReference section */
		47E4AC831BC6844E00F640A1 /* Test.app */ = {isa = PBXFileReference; explicitFileType = wrapper.application; includeInIndex = 0; path = Test.app; sourceTree = BUILT_PRODUCTS_DIR; };
		47E4AC871BC6844E00F640A1 /* main.m */ = {isa = PBXFileReference; lastKnownFileType = sourcecode.c.objc; path = main.m; sourceTree = "<group>"; };
		47E4AC891BC6844E00F640A1 /* AppDelegate.h */ = {isa = PBXFileReference; lastKnownFileType = sourcecode.c.h; path = AppDelegate.h; sourceTree = "<group>"; };
		47E4AC8A1BC6844E00F640A1 /* AppDelegate.m */ = {isa = PBXFileReference; lastKnownFileType = sourcecode.c.objc; path = AppDelegate.m; sourceTree = "<group>"; };
		47E4AC8C1BC6844E00F640A1 /* ViewController.h */ = {isa = PBXFileReference; lastKnownFileType = sourcecode.c.h; path = ViewController.h; sourceTree = "<group>"; };
		47E4AC8D1BC6844E00F640A1 /* ViewController.m */ = {isa = PBXFileReference; lastKnownFileType = sourcecode.c.objc; path = ViewController.m; sourceTree = "<group>"; };
		47E4AC901BC6844E00F640A1 /* Base */ = {isa = PBXFileReference; lastKnownFileType = file.storyboard; name = Base; path = Base.lproj/Main.storyboard; sourceTree = "<group>"; };
		47E4AC921BC6844E00F640A1 /* Assets.xcassets */ = {isa = PBXFileReference; lastKnownFileType = folder.assetcatalog; path = Assets.xcassets; sourceTree = "<group>"; };
		47E4AC951BC6844E00F640A1 /* Base */ = {isa = PBXFileReference; lastKnownFileType = file.storyboard; name = Base; path = Base.lproj/LaunchScreen.storyboard; sourceTree = "<group>"; };
		47E4AC971BC6844E00F640A1 /* Info.plist */ = {isa = PBXFileReference; lastKnownFileType = text.plist.xml; path = Info.plist; sourceTree = "<group>"; };
		47E4AC9C1BC6844E00F640A1 /* TestTests.xctest */ = {isa = PBXFileReference; explicitFileType = wrapper.cfbundle; includeInIndex = 0; path = TestTests.xctest; sourceTree = BUILT_PRODUCTS_DIR; };
		47E4ACA01BC6844E00F640A1 /* TestTests.m */ = {isa = PBXFileReference; lastKnownFileType = sourcecode.c.objc; path = TestTests.m; sourceTree = "<group>"; };
		47E4ACA21BC6844E00F640A1 /* Info.plist */ = {isa = PBXFileReference; lastKnownFileType = text.plist.xml; path = Info.plist; sourceTree = "<group>"; };
		47E4ACA71BC6844E00F640A1 /* TestUITests.xctest */ = {isa = PBXFileReference; explicitFileType = wrapper.cfbundle; includeInIndex = 0; path = TestUITests.xctest; sourceTree = BUILT_PRODUCTS_DIR; };
		47E4ACAB1BC6844E00F640A1 /* TestUITests.m */ = {isa = PBXFileReference; lastKnownFileType = sourcecode.c.objc; path = TestUITests.m; sourceTree = "<group>"; };
		47E4ACAD1BC6844E00F640A1 /* Info.plist */ = {isa = PBXFileReference; lastKnownFileType = text.plist.xml; path = Info.plist; sourceTree = "<group>"; };
		47E4ACB91BC684A400F640A1 /* UIView+Layout.h */ = {isa = PBXFileReference; fileEncoding = 4; lastKnownFileType = sourcecode.c.h; path = "UIView+Layout.h"; sourceTree = "<group>"; };
		47E4ACBA1BC684A400F640A1 /* UIView+Layout.m */ = {isa = PBXFileReference; fileEncoding = 4; lastKnownFileType = sourcecode.c.objc; path = "UIView+Layout.m"; sourceTree = "<group>"; };
/* End PBXFileReference section */

/* Begin PBXFrameworksBuildPhase section */
		47E4AC801BC6844E00F640A1 /* Frameworks */ = {
			isa = PBXFrameworksBuildPhase;
			buildActionMask = 2147483647;
			files = (
			);
			runOnlyForDeploymentPostprocessing = 0;
		};
		47E4AC991BC6844E00F640A1 /* Frameworks */ = {
			isa = PBXFrameworksBuildPhase;
			buildActionMask = 2147483647;
			files = (
			);
			runOnlyForDeploymentPostprocessing = 0;
		};
		47E4ACA41BC6844E00F640A1 /* Frameworks */ = {
			isa = PBXFrameworksBuildPhase;
			buildActionMask = 2147483647;
			files = (
			);
			runOnlyForDeploymentPostprocessing = 0;
		};
/* End PBXFrameworksBuildPhase section */

/* Begin PBXGroup section */
		47E4AC7A1BC6844E00F640A1 = {
			isa = PBXGroup;
			children = (
				47E4AC851BC6844E00F640A1 /* Test */,
				47E4AC9F1BC6844E00F640A1 /* TestTests */,
				47E4ACAA1BC6844E00F640A1 /* TestUITests */,
				47E4AC841BC6844E00F640A1 /* Products */,
			);
			sourceTree = "<group>";
		};
		47E4AC841BC6844E00F640A1 /* Products */ = {
			isa = PBXGroup;
			children = (
				47E4AC831BC6844E00F640A1 /* Test.app */,
				47E4AC9C1BC6844E00F640A1 /* TestTests.xctest */,
				47E4ACA71BC6844E00F640A1 /* TestUITests.xctest */,
			);
			name = Products;
			sourceTree = "<group>";
		};
		47E4AC851BC6844E00F640A1 /* Test */ = {
			isa = PBXGroup;
			children = (
				47E4AC891BC6844E00F640A1 /* AppDelegate.h */,
				47E4AC8A1BC6844E00F640A1 /* AppDelegate.m */,
				47E4AC8C1BC6844E00F640A1 /* ViewController.h */,
				47E4AC8D1BC6844E00F640A1 /* ViewController.m */,
				47E4ACB91BC684A400F640A1 /* UIView+Layout.h */,
				47E4ACBA1BC684A400F640A1 /* UIView+Layout.m */,
				47E4AC8F1BC6844E00F640A1 /* Main.storyboard */,
				47E4AC921BC6844E00F640A1 /* Assets.xcassets */,
				47E4AC941BC6844E00F640A1 /* LaunchScreen.storyboard */,
				47E4AC971BC6844E00F640A1 /* Info.plist */,
				47E4AC861BC6844E00F640A1 /* Supporting Files */,
			);
			path = Test;
			sourceTree = "<group>";
		};
		47E4AC861BC6844E00F640A1 /* Supporting Files */ = {
			isa = PBXGroup;
			children = (
				47E4AC871BC6844E00F640A1 /* main.m */,
			);
			name = "Supporting Files";
			sourceTree = "<group>";
		};
		47E4AC9F1BC6844E00F640A1 /* TestTests */ = {
			isa = PBXGroup;
			children = (
				47E4ACA01BC6844E00F640A1 /* TestTests.m */,
				47E4ACA21BC6844E00F640A1 /* Info.plist */,
			);
			path = TestTests;
			sourceTree = "<group>";
		};
		47E4ACAA1BC6844E00F640A1 /* TestUITests */ = {
			isa = PBXGroup;
			children = (
				47E4ACAB1BC6844E00F640A1 /* TestUITests.m */,
				47E4ACAD1BC6844E00F640A1 /* Info.plist */,
			);
			path = TestUITests;
			sourceTree = "<group>";
		};
/* End PBXGroup section */

/* Begin PBXNativeTarget section */
		47E4AC821BC6844E00F640A1 /* Test */ = {
			isa = PBXNativeTarget;
			buildConfigurationList = 47E4ACB01BC6844E00F640A1 /* Build configuration list for PBXNativeTarget "Test" */;
			buildPhases = (
				47E4AC7F1BC6844E00F640A1 /* Sources */,
				47E4AC801BC6844E00F640A1 /* Frameworks */,
				47E4AC811BC6844E00F640A1 /* Resources */,
			);
			buildRules = (
			);
			dependencies = (
			);
			name = Test;
			productName = Test;
			productReference = 47E4AC831BC6844E00F640A1 /* Test.app */;
			productType = "com.apple.product-type.application";
		};
		47E4AC9B1BC6844E00F640A1 /* TestTests */ = {
			isa = PBXNativeTarget;
			buildConfigurationList = 47E4ACB31BC6844E00F640A1 /* Build configuration list for PBXNativeTarget "TestTests" */;
			buildPhases = (
				47E4AC981BC6844E00F640A1 /* Sources */,
				47E4AC991BC6844E00F640A1 /* Frameworks */,
				47E4AC9A1BC6844E00F640A1 /* Resources */,
			);
			buildRules = (
			);
			dependencies = (
				47E4AC9E1BC6844E00F640A1 /* PBXTargetDependency */,
			);
			name = TestTests;
			productName = TestTests;
			productReference = 47E4AC9C1BC6844E00F640A1 /* TestTests.xctest */;
			productType = "com.apple.product-type.bundle.unit-test";
		};
		47E4ACA61BC6844E00F640A1 /* TestUITests */ = {
			isa = PBXNativeTarget;
			buildConfigurationList = 47E4ACB61BC6844E00F640A1 /* Build configuration list for PBXNativeTarget "TestUITests" */;
			buildPhases = (
				47E4ACA31BC6844E00F640A1 /* Sources */,
				47E4ACA41BC6844E00F640A1 /* Frameworks */,
				47E4ACA51BC6844E00F640A1 /* Resources */,
			);
			buildRules = (
			);
			dependencies = (
				47E4ACA91BC6844E00F640A1 /* PBXTargetDependency */,
			);
			name = TestUITests;
			productName = TestUITests;
			productReference = 47E4ACA71BC6844E00F640A1 /* TestUITests.xctest */;
			productType = "com.apple.product-type.bundle.ui-testing";
		};
/* End PBXNativeTarget section */

/* Begin PBXProject section */
		47E4AC7B1BC6844E00F640A1 /* Project object */ = {
			isa = PBXProject;
			attributes = {
				LastUpgradeCheck = 0700;
				ORGANIZATIONNAME = "DONG TAO";
				TargetAttributes = {
					47E4AC821BC6844E00F640A1 = {
						CreatedOnToolsVersion = 7.0;
					};
					47E4AC9B1BC6844E00F640A1 = {
						CreatedOnToolsVersion = 7.0;
						TestTargetID = 47E4AC821BC6844E00F640A1;
					};
					47E4ACA61BC6844E00F640A1 = {
						CreatedOnToolsVersion = 7.0;
						TestTargetID = 47E4AC821BC6844E00F640A1;
					};
				};
			};
			buildConfigurationList = 47E4AC7E1BC6844E00F640A1 /* Build configuration list for PBXProject "Test" */;
			compatibilityVersion = "Xcode 3.2";
			developmentRegion = English;
			hasScannedForEncodings = 0;
			knownRegions = (
				en,
				Base,
			);
			mainGroup = 47E4AC7A1BC6844E00F640A1;
			productRefGroup = 47E4AC841BC6844E00F640A1 /* Products */;
			projectDirPath = "";
			projectRoot = "";
			targets = (
				47E4AC821BC6844E00F640A1 /* Test */,
				47E4AC9B1BC6844E00F640A1 /* TestTests */,
				47E4ACA61BC6844E00F640A1 /* TestUITests */,
			);
		};
/* End PBXProject section */

/* Begin PBXResourcesBuildPhase section */
		47E4AC811BC6844E00F640A1 /* Resources */ = {
			isa = PBXResourcesBuildPhase;
			buildActionMask = 2147483647;
			files = (
				47E4AC961BC6844E00F640A1 /* LaunchScreen.storyboard in Resources */,
				47E4AC931BC6844E00F640A1 /* Assets.xcassets in Resources */,
				47E4AC911BC6844E00F640A1 /* Main.storyboard in Resources */,
			);
			runOnlyForDeploymentPostprocessing = 0;
		};
		47E4AC9A1BC6844E00F640A1 /* Resources */ = {
			isa = PBXResourcesBuildPhase;
			buildActionMask = 2147483647;
			files = (
			);
			runOnlyForDeploymentPostprocessing = 0;
		};
		47E4ACA51BC6844E00F640A1 /* Resources */ = {
			isa = PBXResourcesBuildPhase;
			buildActionMask = 2147483647;
			files = (
			);
			runOnlyForDeploymentPostprocessing = 0;
		};
/* End PBXResourcesBuildPhase section */

/* Begin PBXSourcesBuildPhase section */
		47E4AC7F1BC6844E00F640A1 /* Sources */ = {
			isa = PBXSourcesBuildPhase;
			buildActionMask = 2147483647;
			files = (
				47E4ACBB1BC684A400F640A1 /* UIView+Layout.m in Sources */,
				47E4AC8E1BC6844E00F640A1 /* ViewController.m in Sources */,
				47E4AC8B1BC6844E00F640A1 /* AppDelegate.m in Sources */,
				47E4AC881BC6844E00F640A1 /* main.m in Sources */,
			);
			runOnlyForDeploymentPostprocessing = 0;
		};
		47E4AC981BC6844E00F640A1 /* Sources */ = {
			isa = PBXSourcesBuildPhase;
			buildActionMask = 2147483647;
			files = (
				47E4ACA11BC6844E00F640A1 /* TestTests.m in Sources */,
			);
			runOnlyForDeploymentPostprocessing = 0;
		};
		47E4ACA31BC6844E00F640A1 /* Sources */ = {
			isa = PBXSourcesBuildPhase;
			buildActionMask = 2147483647;
			files = (
				47E4ACAC1BC6844E00F640A1 /* TestUITests.m in Sources */,
			);
			runOnlyForDeploymentPostprocessing = 0;
		};
/* End PBXSourcesBuildPhase section */

/* Begin PBXTargetDependency section */
		47E4AC9E1BC6844E00F640A1 /* PBXTargetDependency */ = {
			isa = PBXTargetDependency;
			target = 47E4AC821BC6844E00F640A1 /* Test */;
			targetProxy = 47E4AC9D1BC6844E00F640A1 /* PBXContainerItemProxy */;
		};
		47E4ACA91BC6844E00F640A1 /* PBXTargetDependency */ = {
			isa = PBXTargetDependency;
			target = 47E4AC821BC6844E00F640A1 /* Test */;
			targetProxy = 47E4ACA81BC6844E00F640A1 /* PBXContainerItemProxy */;
		};
/* End PBXTargetDependency section */

/* Begin PBXVariantGroup section */
		47E4AC8F1BC6844E00F640A1 /* Main.storyboard */ = {
			isa = PBXVariantGroup;
			children = (
				47E4AC901BC6844E00F640A1 /* Base */,
			);
			name = Main.storyboard;
			sourceTree = "<group>";
		};
		47E4AC941BC6844E00F640A1 /* LaunchScreen.storyboard */ = {
			isa = PBXVariantGroup;
			children = (
				47E4AC951BC6844E00F640A1 /* Base */,
			);
			name = LaunchScreen.storyboard;
			sourceTree = "<group>";
		};
/* End PBXVariantGroup section */

/* Begin XCBuildConfiguration section */
		47E4ACAE1BC6844E00F640A1 /* Debug */ = {
			isa = XCBuildConfiguration;
			buildSettings = {
				ALWAYS_SEARCH_USER_PATHS = NO;
				CLANG_CXX_LANGUAGE_STANDARD = "gnu++0x";
				CLANG_CXX_LIBRARY = "libc++";
				CLANG_ENABLE_MODULES = YES;
				CLANG_ENABLE_OBJC_ARC = YES;
				CLANG_WARN_BOOL_CONVERSION = YES;
				CLANG_WARN_CONSTANT_CONVERSION = YES;
				CLANG_WARN_DIRECT_OBJC_ISA_USAGE = YES_ERROR;
				CLANG_WARN_EMPTY_BODY = YES;
				CLANG_WARN_ENUM_CONVERSION = YES;
				CLANG_WARN_INT_CONVERSION = YES;
				CLANG_WARN_OBJC_ROOT_CLASS = YES_ERROR;
				CLANG_WARN_UNREACHABLE_CODE = YES;
				CLANG_WARN__DUPLICATE_METHOD_MATCH = YES;
				"CODE_SIGN_IDENTITY[sdk=iphoneos*]" = "iPhone Developer";
				COPY_PHASE_STRIP = NO;
				DEBUG_INFORMATION_FORMAT = dwarf;
				ENABLE_STRICT_OBJC_MSGSEND = YES;
				ENABLE_TESTABILITY = YES;
				GCC_C_LANGUAGE_STANDARD = gnu99;
				GCC_DYNAMIC_NO_PIC = NO;
				GCC_NO_COMMON_BLOCKS = YES;
				GCC_OPTIMIZATION_LEVEL = 0;
				GCC_PREPROCESSOR_DEFINITIONS = (
					"DEBUG=1",
					"$(inherited)",
				);
				GCC_WARN_64_TO_32_BIT_CONVERSION = YES;
				GCC_WARN_ABOUT_RETURN_TYPE = YES_ERROR;
				GCC_WARN_UNDECLARED_SELECTOR = YES;
				GCC_WARN_UNINITIALIZED_AUTOS = YES_AGGRESSIVE;
				GCC_WARN_UNUSED_FUNCTION = YES;
				GCC_WARN_UNUSED_VARIABLE = YES;
				IPHONEOS_DEPLOYMENT_TARGET = 9.0;
				MTL_ENABLE_DEBUG_INFO = YES;
				ONLY_ACTIVE_ARCH = YES;
				SDKROOT = iphoneos;
			};
			name = Debug;
		};
		47E4ACAF1BC6844E00F640A1 /* Release */ = {
			isa = XCBuildConfiguration;
			buildSettings = {
				ALWAYS_SEARCH_USER_PATHS = NO;
				CLANG_CXX_LANGUAGE_STANDARD = "gnu++0x";
				CLANG_CXX_LIBRARY = "libc++";
				CLANG_ENABLE_MODULES = YES;
				CLANG_ENABLE_OBJC_ARC = YES;
				CLANG_WARN_BOOL_CONVERSION = YES;
				CLANG_WARN_CONSTANT_CONVERSION = YES;
				CLANG_WARN_DIRECT_OBJC_ISA_USAGE = YES_ERROR;
				CLANG_WARN_EMPTY_BODY = YES;
				CLANG_WARN_ENUM_CONVERSION = YES;
				CLANG_WARN_INT_CONVERSION = YES;
				CLANG_WARN_OBJC_ROOT_CLASS = YES_ERROR;
				CLANG_WARN_UNREACHABLE_CODE = YES;
				CLANG_WARN__DUPLICATE_METHOD_MATCH = YES;
				"CODE_SIGN_IDENTITY[sdk=iphoneos*]" = "iPhone Developer";
				COPY_PHASE_STRIP = NO;
				DEBUG_INFORMATION_FORMAT = "dwarf-with-dsym";
				ENABLE_NS_ASSERTIONS = NO;
				ENABLE_STRICT_OBJC_MSGSEND = YES;
				GCC_C_LANGUAGE_STANDARD = gnu99;
				GCC_NO_COMMON_BLOCKS = YES;
				GCC_WARN_64_TO_32_BIT_CONVERSION = YES;
				GCC_WARN_ABOUT_RETURN_TYPE = YES_ERROR;
				GCC_WARN_UNDECLARED_SELECTOR = YES;
				GCC_WARN_UNINITIALIZED_AUTOS = YES_AGGRESSIVE;
				GCC_WARN_UNUSED_FUNCTION = YES;
				GCC_WARN_UNUSED_VARIABLE = YES;
				IPHONEOS_DEPLOYMENT_TARGET = 9.0;
				MTL_ENABLE_DEBUG_INFO = NO;
				SDKROOT = iphoneos;
				VALIDATE_PRODUCT = YES;
			};
			name = Release;
		};
		47E4ACB11BC6844E00F640A1 /* Debug */ = {
			isa = XCBuildConfiguration;
			buildSettings = {
				ASSETCATALOG_COMPILER_APPICON_NAME = AppIcon;
				INFOPLIST_FILE = Test/Info.plist;
				LD_RUNPATH_SEARCH_PATHS = "$(inherited) @executable_path/Frameworks";
				PRODUCT_BUNDLE_IDENTIFIER = com.dongtao.Test;
				PRODUCT_NAME = "$(TARGET_NAME)";
			};
			name = Debug;
		};
		47E4ACB21BC6844E00F640A1 /* Release */ = {
			isa = XCBuildConfiguration;
			buildSettings = {
				ASSETCATALOG_COMPILER_APPICON_NAME = AppIcon;
				INFOPLIST_FILE = Test/Info.plist;
				LD_RUNPATH_SEARCH_PATHS = "$(inherited) @executable_path/Frameworks";
				PRODUCT_BUNDLE_IDENTIFIER = com.dongtao.Test;
				PRODUCT_NAME = "$(TARGET_NAME)";
			};
			name = Release;
		};
		47E4ACB41BC6844E00F640A1 /* Debug */ = {
			isa = XCBuildConfiguration;
			buildSettings = {
				BUNDLE_LOADER = "$(TEST_HOST)";
				INFOPLIST_FILE = TestTests/Info.plist;
				LD_RUNPATH_SEARCH_PATHS = "$(inherited) @executable_path/Frameworks @loader_path/Frameworks";
				PRODUCT_BUNDLE_IDENTIFIER = com.dongtao.TestTests;
				PRODUCT_NAME = "$(TARGET_NAME)";
				TEST_HOST = "$(BUILT_PRODUCTS_DIR)/Test.app/Test";
			};
			name = Debug;
		};
		47E4ACB51BC6844E00F640A1 /* Release */ = {
			isa = XCBuildConfiguration;
			buildSettings = {
				BUNDLE_LOADER = "$(TEST_HOST)";
				INFOPLIST_FILE = TestTests/Info.plist;
				LD_RUNPATH_SEARCH_PATHS = "$(inherited) @executable_path/Frameworks @loader_path/Frameworks";
				PRODUCT_BUNDLE_IDENTIFIER = com.dongtao.TestTests;
				PRODUCT_NAME = "$(TARGET_NAME)";
				TEST_HOST = "$(BUILT_PRODUCTS_DIR)/Test.app/Test";
			};
			name = Release;
		};
		47E4ACB71BC6844E00F640A1 /* Debug */ = {
			isa = XCBuildConfiguration;
			buildSettings = {
				INFOPLIST_FILE = TestUITests/Info.plist;
				LD_RUNPATH_SEARCH_PATHS = "$(inherited) @executable_path/Frameworks @loader_path/Frameworks";
				PRODUCT_BUNDLE_IDENTIFIER = com.dongtao.TestUITests;
				PRODUCT_NAME = "$(TARGET_NAME)";
				TEST_TARGET_NAME = Test;
				USES_XCTRUNNER = YES;
			};
			name = Debug;
		};
		47E4ACB81BC6844E00F640A1 /* Release */ = {
			isa = XCBuildConfiguration;
			buildSettings = {
				INFOPLIST_FILE = TestUITests/Info.plist;
				LD_RUNPATH_SEARCH_PATHS = "$(inherited) @executable_path/Frameworks @loader_path/Frameworks";
				PRODUCT_BUNDLE_IDENTIFIER = com.dongtao.TestUITests;
				PRODUCT_NAME = "$(TARGET_NAME)";
				TEST_TARGET_NAME = Test;
				USES_XCTRUNNER = YES;
			};
			name = Release;
		};
/* End XCBuildConfiguration section */

/* Begin XCConfigurationList section */
		47E4AC7E1BC6844E00F640A1 /* Build configuration list for PBXProject "Test" */ = {
			isa = XCConfigurationList;
			buildConfigurations = (
				47E4ACAE1BC6844E00F640A1 /* Debug */,
				47E4ACAF1BC6844E00F640A1 /* Release */,
			);
			defaultConfigurationIsVisible = 0;
			defaultConfigurationName = Release;
		};
		47E4ACB01BC6844E00F640A1 /* Build configuration list for PBXNativeTarget "Test" */ = {
			isa = XCConfigurationList;
			buildConfigurations = (
				47E4ACB11BC6844E00F640A1 /* Debug */,
				47E4ACB21BC6844E00F640A1 /* Release */,
			);
			defaultConfigurationIsVisible = 0;
		};
		47E4ACB31BC6844E00F640A1 /* Build configuration list for PBXNativeTarget "TestTests" */ = {
			isa = XCConfigurationList;
			buildConfigurations = (
				47E4ACB41BC6844E00F640A1 /* Debug */,
				47E4ACB51BC6844E00F640A1 /* Release */,
			);
			defaultConfigurationIsVisible = 0;
		};
		47E4ACB61BC6844E00F640A1 /* Build configuration list for PBXNativeTarget "TestUITests" */ = {
			isa = XCConfigurationList;
			buildConfigurations = (
				47E4ACB71BC6844E00F640A1 /* Debug */,
				47E4ACB81BC6844E00F640A1 /* Release */,
			);
			defaultConfigurationIsVisible = 0;
		};
/* End XCConfigurationList section */
	};
	rootObject = 47E4AC7B1BC6844E00F640A1 /* Project object */;
}
