// !$*UTF8*$!
{
	archiveVersion = 1;
	classes = {
	};
	objectVersion = 46;
	objects = {

/* Begin PBXBuildFile section */
		47E3148B1BB785DE00AAFDE8 /* AppDelegate.swift in Sources */ = {isa = PBXBuildFile; fileRef = 47E3148A1BB785DE00AAFDE8 /* AppDelegate.swift */; };
		47E3148D1BB785DE00AAFDE8 /* PsychologistViewController.swift in Sources */ = {isa = PBXBuildFile; fileRef = 47E3148C1BB785DE00AAFDE8 /* PsychologistViewController.swift */; };
		47E314901BB785DE00AAFDE8 /* Main.storyboard in Resources */ = {isa = PBXBuildFile; fileRef = 47E3148E1BB785DE00AAFDE8 /* Main.storyboard */; };
		47E314921BB785DE00AAFDE8 /* Assets.xcassets in Resources */ = {isa = PBXBuildFile; fileRef = 47E314911BB785DE00AAFDE8 /* Assets.xcassets */; };
		47E314951BB785DE00AAFDE8 /* LaunchScreen.storyboard in Resources */ = {isa = PBXBuildFile; fileRef = 47E314931BB785DE00AAFDE8 /* LaunchScreen.storyboard */; };
		47E314A01BB785DE00AAFDE8 /* PsychologistTests.swift in Sources */ = {isa = PBXBuildFile; fileRef = 47E3149F1BB785DE00AAFDE8 /* PsychologistTests.swift */; };
		47E314AB1BB785DE00AAFDE8 /* PsychologistUITests.swift in Sources */ = {isa = PBXBuildFile; fileRef = 47E314AA1BB785DE00AAFDE8 /* PsychologistUITests.swift */; };
		47E314BE1BB78FCA00AAFDE8 /* HappinessViewController.swift in Sources */ = {isa = PBXBuildFile; fileRef = 47E314BC1BB78FCA00AAFDE8 /* HappinessViewController.swift */; settings = {ASSET_TAGS = (); }; };
		47E314BF1BB78FCA00AAFDE8 /* FaceView.swift in Sources */ = {isa = PBXBuildFile; fileRef = 47E314BD1BB78FCA00AAFDE8 /* FaceView.swift */; settings = {ASSET_TAGS = (); }; };
		47E4ACBD1BC808C200F640A1 /* TextViewController.swift in Sources */ = {isa = PBXBuildFile; fileRef = 47E4ACBC1BC808C200F640A1 /* TextViewController.swift */; settings = {ASSET_TAGS = (); }; };
		47E4ACBF1BC80D5700F640A1 /* DiagnosedHappinessViewController.swift in Sources */ = {isa = PBXBuildFile; fileRef = 47E4ACBE1BC80D5700F640A1 /* DiagnosedHappinessViewController.swift */; settings = {ASSET_TAGS = (); }; };
/* End PBXBuildFile section */

/* Begin PBXContainerItemProxy section */
		47E3149C1BB785DE00AAFDE8 /* PBXContainerItemProxy */ = {
			isa = PBXContainerItemProxy;
			containerPortal = 47E3147F1BB785DE00AAFDE8 /* Project object */;
			proxyType = 1;
			remoteGlobalIDString = 47E314861BB785DE00AAFDE8;
			remoteInfo = Psychologist;
		};
		47E314A71BB785DE00AAFDE8 /* PBXContainerItemProxy */ = {
			isa = PBXContainerItemProxy;
			containerPortal = 47E3147F1BB785DE00AAFDE8 /* Project object */;
			proxyType = 1;
			remoteGlobalIDString = 47E314861BB785DE00AAFDE8;
			remoteInfo = Psychologist;
		};
/* End PBXContainerItemProxy section */

/* Begin PBXFileReference section */
		47E314871BB785DE00AAFDE8 /* Psychologist.app */ = {isa = PBXFileReference; explicitFileType = wrapper.application; includeInIndex = 0; path = Psychologist.app; sourceTree = BUILT_PRODUCTS_DIR; };
		47E3148A1BB785DE00AAFDE8 /* AppDelegate.swift */ = {isa = PBXFileReference; lastKnownFileType = sourcecode.swift; path = AppDelegate.swift; sourceTree = "<group>"; };
		47E3148C1BB785DE00AAFDE8 /* PsychologistViewController.swift */ = {isa = PBXFileReference; lastKnownFileType = sourcecode.swift; path = PsychologistViewController.swift; sourceTree = "<group>"; };
		47E3148F1BB785DE00AAFDE8 /* Base */ = {isa = PBXFileReference; lastKnownFileType = file.storyboard; name = Base; path = Base.lproj/Main.storyboard; sourceTree = "<group>"; };
		47E314911BB785DE00AAFDE8 /* Assets.xcassets */ = {isa = PBXFileReference; lastKnownFileType = folder.assetcatalog; path = Assets.xcassets; sourceTree = "<group>"; };
		47E314941BB785DE00AAFDE8 /* Base */ = {isa = PBXFileReference; lastKnownFileType = file.storyboard; name = Base; path = Base.lproj/LaunchScreen.storyboard; sourceTree = "<group>"; };
		47E314961BB785DE00AAFDE8 /* Info.plist */ = {isa = PBXFileReference; lastKnownFileType = text.plist.xml; path = Info.plist; sourceTree = "<group>"; };
		47E3149B1BB785DE00AAFDE8 /* PsychologistTests.xctest */ = {isa = PBXFileReference; explicitFileType = wrapper.cfbundle; includeInIndex = 0; path = PsychologistTests.xctest; sourceTree = BUILT_PRODUCTS_DIR; };
		47E3149F1BB785DE00AAFDE8 /* PsychologistTests.swift */ = {isa = PBXFileReference; lastKnownFileType = sourcecode.swift; path = PsychologistTests.swift; sourceTree = "<group>"; };
		47E314A11BB785DE00AAFDE8 /* Info.plist */ = {isa = PBXFileReference; lastKnownFileType = text.plist.xml; path = Info.plist; sourceTree = "<group>"; };
		47E314A61BB785DE00AAFDE8 /* PsychologistUITests.xctest */ = {isa = PBXFileReference; explicitFileType = wrapper.cfbundle; includeInIndex = 0; path = PsychologistUITests.xctest; sourceTree = BUILT_PRODUCTS_DIR; };
		47E314AA1BB785DE00AAFDE8 /* PsychologistUITests.swift */ = {isa = PBXFileReference; lastKnownFileType = sourcecode.swift; path = PsychologistUITests.swift; sourceTree = "<group>"; };
		47E314AC1BB785DE00AAFDE8 /* Info.plist */ = {isa = PBXFileReference; lastKnownFileType = text.plist.xml; path = Info.plist; sourceTree = "<group>"; };
		47E314BC1BB78FCA00AAFDE8 /* HappinessViewController.swift */ = {isa = PBXFileReference; fileEncoding = 4; lastKnownFileType = sourcecode.swift; path = HappinessViewController.swift; sourceTree = "<group>"; };
		47E314BD1BB78FCA00AAFDE8 /* FaceView.swift */ = {isa = PBXFileReference; fileEncoding = 4; lastKnownFileType = sourcecode.swift; path = FaceView.swift; sourceTree = "<group>"; };
		47E4ACBC1BC808C200F640A1 /* TextViewController.swift */ = {isa = PBXFileReference; fileEncoding = 4; lastKnownFileType = sourcecode.swift; path = TextViewController.swift; sourceTree = "<group>"; };
		47E4ACBE1BC80D5700F640A1 /* DiagnosedHappinessViewController.swift */ = {isa = PBXFileReference; fileEncoding = 4; lastKnownFileType = sourcecode.swift; path = DiagnosedHappinessViewController.swift; sourceTree = "<group>"; };
/* End PBXFileReference section */

/* Begin PBXFrameworksBuildPhase section */
		47E314841BB785DE00AAFDE8 /* Frameworks */ = {
			isa = PBXFrameworksBuildPhase;
			buildActionMask = 2147483647;
			files = (
			);
			runOnlyForDeploymentPostprocessing = 0;
		};
		47E314981BB785DE00AAFDE8 /* Frameworks */ = {
			isa = PBXFrameworksBuildPhase;
			buildActionMask = 2147483647;
			files = (
			);
			runOnlyForDeploymentPostprocessing = 0;
		};
		47E314A31BB785DE00AAFDE8 /* Frameworks */ = {
			isa = PBXFrameworksBuildPhase;
			buildActionMask = 2147483647;
			files = (
			);
			runOnlyForDeploymentPostprocessing = 0;
		};
/* End PBXFrameworksBuildPhase section */

/* Begin PBXGroup section */
		47E3147E1BB785DE00AAFDE8 = {
			isa = PBXGroup;
			children = (
				47E314891BB785DE00AAFDE8 /* Psychologist */,
				47E3149E1BB785DE00AAFDE8 /* PsychologistTests */,
				47E314A91BB785DE00AAFDE8 /* PsychologistUITests */,
				47E314881BB785DE00AAFDE8 /* Products */,
			);
			sourceTree = "<group>";
		};
		47E314881BB785DE00AAFDE8 /* Products */ = {
			isa = PBXGroup;
			children = (
				47E314871BB785DE00AAFDE8 /* Psychologist.app */,
				47E3149B1BB785DE00AAFDE8 /* PsychologistTests.xctest */,
				47E314A61BB785DE00AAFDE8 /* PsychologistUITests.xctest */,
			);
			name = Products;
			sourceTree = "<group>";
		};
		47E314891BB785DE00AAFDE8 /* Psychologist */ = {
			isa = PBXGroup;
			children = (
				47E3148A1BB785DE00AAFDE8 /* AppDelegate.swift */,
				47E314BC1BB78FCA00AAFDE8 /* HappinessViewController.swift */,
				47E314BD1BB78FCA00AAFDE8 /* FaceView.swift */,
				47E3148C1BB785DE00AAFDE8 /* PsychologistViewController.swift */,
				47E4ACBC1BC808C200F640A1 /* TextViewController.swift */,
				47E3148E1BB785DE00AAFDE8 /* Main.storyboard */,
				47E4ACBE1BC80D5700F640A1 /* DiagnosedHappinessViewController.swift */,
				47E314911BB785DE00AAFDE8 /* Assets.xcassets */,
				47E314931BB785DE00AAFDE8 /* LaunchScreen.storyboard */,
				47E314961BB785DE00AAFDE8 /* Info.plist */,
			);
			path = Psychologist;
			sourceTree = "<group>";
		};
		47E3149E1BB785DE00AAFDE8 /* PsychologistTests */ = {
			isa = PBXGroup;
			children = (
				47E3149F1BB785DE00AAFDE8 /* PsychologistTests.swift */,
				47E314A11BB785DE00AAFDE8 /* Info.plist */,
			);
			path = PsychologistTests;
			sourceTree = "<group>";
		};
		47E314A91BB785DE00AAFDE8 /* PsychologistUITests */ = {
			isa = PBXGroup;
			children = (
				47E314AA1BB785DE00AAFDE8 /* PsychologistUITests.swift */,
				47E314AC1BB785DE00AAFDE8 /* Info.plist */,
			);
			path = PsychologistUITests;
			sourceTree = "<group>";
		};
/* End PBXGroup section */

/* Begin PBXNativeTarget section */
		47E314861BB785DE00AAFDE8 /* Psychologist */ = {
			isa = PBXNativeTarget;
			buildConfigurationList = 47E314AF1BB785DE00AAFDE8 /* Build configuration list for PBXNativeTarget "Psychologist" */;
			buildPhases = (
				47E314831BB785DE00AAFDE8 /* Sources */,
				47E314841BB785DE00AAFDE8 /* Frameworks */,
				47E314851BB785DE00AAFDE8 /* Resources */,
			);
			buildRules = (
			);
			dependencies = (
			);
			name = Psychologist;
			productName = Psychologist;
			productReference = 47E314871BB785DE00AAFDE8 /* Psychologist.app */;
			productType = "com.apple.product-type.application";
		};
		47E3149A1BB785DE00AAFDE8 /* PsychologistTests */ = {
			isa = PBXNativeTarget;
			buildConfigurationList = 47E314B21BB785DE00AAFDE8 /* Build configuration list for PBXNativeTarget "PsychologistTests" */;
			buildPhases = (
				47E314971BB785DE00AAFDE8 /* Sources */,
				47E314981BB785DE00AAFDE8 /* Frameworks */,
				47E314991BB785DE00AAFDE8 /* Resources */,
			);
			buildRules = (
			);
			dependencies = (
				47E3149D1BB785DE00AAFDE8 /* PBXTargetDependency */,
			);
			name = PsychologistTests;
			productName = PsychologistTests;
			productReference = 47E3149B1BB785DE00AAFDE8 /* PsychologistTests.xctest */;
			productType = "com.apple.product-type.bundle.unit-test";
		};
		47E314A51BB785DE00AAFDE8 /* PsychologistUITests */ = {
			isa = PBXNativeTarget;
			buildConfigurationList = 47E314B51BB785DE00AAFDE8 /* Build configuration list for PBXNativeTarget "PsychologistUITests" */;
			buildPhases = (
				47E314A21BB785DE00AAFDE8 /* Sources */,
				47E314A31BB785DE00AAFDE8 /* Frameworks */,
				47E314A41BB785DE00AAFDE8 /* Resources */,
			);
			buildRules = (
			);
			dependencies = (
				47E314A81BB785DE00AAFDE8 /* PBXTargetDependency */,
			);
			name = PsychologistUITests;
			productName = PsychologistUITests;
			productReference = 47E314A61BB785DE00AAFDE8 /* PsychologistUITests.xctest */;
			productType = "com.apple.product-type.bundle.ui-testing";
		};
/* End PBXNativeTarget section */

/* Begin PBXProject section */
		47E3147F1BB785DE00AAFDE8 /* Project object */ = {
			isa = PBXProject;
			attributes = {
				LastUpgradeCheck = 0700;
				ORGANIZATIONNAME = "DONG TAO";
				TargetAttributes = {
					47E314861BB785DE00AAFDE8 = {
						CreatedOnToolsVersion = 7.0;
					};
					47E3149A1BB785DE00AAFDE8 = {
						CreatedOnToolsVersion = 7.0;
						TestTargetID = 47E314861BB785DE00AAFDE8;
					};
					47E314A51BB785DE00AAFDE8 = {
						CreatedOnToolsVersion = 7.0;
						TestTargetID = 47E314861BB785DE00AAFDE8;
					};
				};
			};
			buildConfigurationList = 47E314821BB785DE00AAFDE8 /* Build configuration list for PBXProject "Psychologist" */;
			compatibilityVersion = "Xcode 3.2";
			developmentRegion = English;
			hasScannedForEncodings = 0;
			knownRegions = (
				en,
				Base,
			);
			mainGroup = 47E3147E1BB785DE00AAFDE8;
			productRefGroup = 47E314881BB785DE00AAFDE8 /* Products */;
			projectDirPath = "";
			projectRoot = "";
			targets = (
				47E314861BB785DE00AAFDE8 /* Psychologist */,
				47E3149A1BB785DE00AAFDE8 /* PsychologistTests */,
				47E314A51BB785DE00AAFDE8 /* PsychologistUITests */,
			);
		};
/* End PBXProject section */

/* Begin PBXResourcesBuildPhase section */
		47E314851BB785DE00AAFDE8 /* Resources */ = {
			isa = PBXResourcesBuildPhase;
			buildActionMask = 2147483647;
			files = (
				47E314951BB785DE00AAFDE8 /* LaunchScreen.storyboard in Resources */,
				47E314921BB785DE00AAFDE8 /* Assets.xcassets in Resources */,
				47E314901BB785DE00AAFDE8 /* Main.storyboard in Resources */,
			);
			runOnlyForDeploymentPostprocessing = 0;
		};
		47E314991BB785DE00AAFDE8 /* Resources */ = {
			isa = PBXResourcesBuildPhase;
			buildActionMask = 2147483647;
			files = (
			);
			runOnlyForDeploymentPostprocessing = 0;
		};
		47E314A41BB785DE00AAFDE8 /* Resources */ = {
			isa = PBXResourcesBuildPhase;
			buildActionMask = 2147483647;
			files = (
			);
			runOnlyForDeploymentPostprocessing = 0;
		};
/* End PBXResourcesBuildPhase section */

/* Begin PBXSourcesBuildPhase section */
		47E314831BB785DE00AAFDE8 /* Sources */ = {
			isa = PBXSourcesBuildPhase;
			buildActionMask = 2147483647;
			files = (
				47E4ACBD1BC808C200F640A1 /* TextViewController.swift in Sources */,
				47E3148D1BB785DE00AAFDE8 /* PsychologistViewController.swift in Sources */,
				47E314BE1BB78FCA00AAFDE8 /* HappinessViewController.swift in Sources */,
				47E4ACBF1BC80D5700F640A1 /* DiagnosedHappinessViewController.swift in Sources */,
				47E3148B1BB785DE00AAFDE8 /* AppDelegate.swift in Sources */,
				47E314BF1BB78FCA00AAFDE8 /* FaceView.swift in Sources */,
			);
			runOnlyForDeploymentPostprocessing = 0;
		};
		47E314971BB785DE00AAFDE8 /* Sources */ = {
			isa = PBXSourcesBuildPhase;
			buildActionMask = 2147483647;
			files = (
				47E314A01BB785DE00AAFDE8 /* PsychologistTests.swift in Sources */,
			);
			runOnlyForDeploymentPostprocessing = 0;
		};
		47E314A21BB785DE00AAFDE8 /* Sources */ = {
			isa = PBXSourcesBuildPhase;
			buildActionMask = 2147483647;
			files = (
				47E314AB1BB785DE00AAFDE8 /* PsychologistUITests.swift in Sources */,
			);
			runOnlyForDeploymentPostprocessing = 0;
		};
/* End PBXSourcesBuildPhase section */

/* Begin PBXTargetDependency section */
		47E3149D1BB785DE00AAFDE8 /* PBXTargetDependency */ = {
			isa = PBXTargetDependency;
			target = 47E314861BB785DE00AAFDE8 /* Psychologist */;
			targetProxy = 47E3149C1BB785DE00AAFDE8 /* PBXContainerItemProxy */;
		};
		47E314A81BB785DE00AAFDE8 /* PBXTargetDependency */ = {
			isa = PBXTargetDependency;
			target = 47E314861BB785DE00AAFDE8 /* Psychologist */;
			targetProxy = 47E314A71BB785DE00AAFDE8 /* PBXContainerItemProxy */;
		};
/* End PBXTargetDependency section */

/* Begin PBXVariantGroup section */
		47E3148E1BB785DE00AAFDE8 /* Main.storyboard */ = {
			isa = PBXVariantGroup;
			children = (
				47E3148F1BB785DE00AAFDE8 /* Base */,
			);
			name = Main.storyboard;
			sourceTree = "<group>";
		};
		47E314931BB785DE00AAFDE8 /* LaunchScreen.storyboard */ = {
			isa = PBXVariantGroup;
			children = (
				47E314941BB785DE00AAFDE8 /* Base */,
			);
			name = LaunchScreen.storyboard;
			sourceTree = "<group>";
		};
/* End PBXVariantGroup section */

/* Begin XCBuildConfiguration section */
		47E314AD1BB785DE00AAFDE8 /* Debug */ = {
			isa = XCBuildConfiguration;
			buildSettings = {
				ALWAYS_SEARCH_USER_PATHS = NO;
				CLANG_CXX_LANGUAGE_STANDARD = "gnu++0x";
				CLANG_CXX_LIBRARY = "libc++";
				CLANG_ENABLE_MODULES = YES;
				CLANG_ENABLE_OBJC_ARC = YES;
				CLANG_WARN_BOOL_CONVERSION = YES;
				CLANG_WARN_CONSTANT_CONVERSION = YES;
				CLANG_WARN_DIRECT_OBJC_ISA_USAGE = YES_ERROR;
				CLANG_WARN_EMPTY_BODY = YES;
				CLANG_WARN_ENUM_CONVERSION = YES;
				CLANG_WARN_INT_CONVERSION = YES;
				CLANG_WARN_OBJC_ROOT_CLASS = YES_ERROR;
				CLANG_WARN_UNREACHABLE_CODE = YES;
				CLANG_WARN__DUPLICATE_METHOD_MATCH = YES;
				"CODE_SIGN_IDENTITY[sdk=iphoneos*]" = "iPhone Developer";
				COPY_PHASE_STRIP = NO;
				DEBUG_INFORMATION_FORMAT = dwarf;
				ENABLE_STRICT_OBJC_MSGSEND = YES;
				ENABLE_TESTABILITY = YES;
				GCC_C_LANGUAGE_STANDARD = gnu99;
				GCC_DYNAMIC_NO_PIC = NO;
				GCC_NO_COMMON_BLOCKS = YES;
				GCC_OPTIMIZATION_LEVEL = 0;
				GCC_PREPROCESSOR_DEFINITIONS = (
					"DEBUG=1",
					"$(inherited)",
				);
				GCC_WARN_64_TO_32_BIT_CONVERSION = YES;
				GCC_WARN_ABOUT_RETURN_TYPE = YES_ERROR;
				GCC_WARN_UNDECLARED_SELECTOR = YES;
				GCC_WARN_UNINITIALIZED_AUTOS = YES_AGGRESSIVE;
				GCC_WARN_UNUSED_FUNCTION = YES;
				GCC_WARN_UNUSED_VARIABLE = YES;
				IPHONEOS_DEPLOYMENT_TARGET = 9.0;
				MTL_ENABLE_DEBUG_INFO = YES;
				ONLY_ACTIVE_ARCH = YES;
				SDKROOT = iphoneos;
				SWIFT_OPTIMIZATION_LEVEL = "-Onone";
			};
			name = Debug;
		};
		47E314AE1BB785DE00AAFDE8 /* Release */ = {
			isa = XCBuildConfiguration;
			buildSettings = {
				ALWAYS_SEARCH_USER_PATHS = NO;
				CLANG_CXX_LANGUAGE_STANDARD = "gnu++0x";
				CLANG_CXX_LIBRARY = "libc++";
				CLANG_ENABLE_MODULES = YES;
				CLANG_ENABLE_OBJC_ARC = YES;
				CLANG_WARN_BOOL_CONVERSION = YES;
				CLANG_WARN_CONSTANT_CONVERSION = YES;
				CLANG_WARN_DIRECT_OBJC_ISA_USAGE = YES_ERROR;
				CLANG_WARN_EMPTY_BODY = YES;
				CLANG_WARN_ENUM_CONVERSION = YES;
				CLANG_WARN_INT_CONVERSION = YES;
				CLANG_WARN_OBJC_ROOT_CLASS = YES_ERROR;
				CLANG_WARN_UNREACHABLE_CODE = YES;
				CLANG_WARN__DUPLICATE_METHOD_MATCH = YES;
				"CODE_SIGN_IDENTITY[sdk=iphoneos*]" = "iPhone Developer";
				COPY_PHASE_STRIP = NO;
				DEBUG_INFORMATION_FORMAT = "dwarf-with-dsym";
				ENABLE_NS_ASSERTIONS = NO;
				ENABLE_STRICT_OBJC_MSGSEND = YES;
				GCC_C_LANGUAGE_STANDARD = gnu99;
				GCC_NO_COMMON_BLOCKS = YES;
				GCC_WARN_64_TO_32_BIT_CONVERSION = YES;
				GCC_WARN_ABOUT_RETURN_TYPE = YES_ERROR;
				GCC_WARN_UNDECLARED_SELECTOR = YES;
				GCC_WARN_UNINITIALIZED_AUTOS = YES_AGGRESSIVE;
				GCC_WARN_UNUSED_FUNCTION = YES;
				GCC_WARN_UNUSED_VARIABLE = YES;
				IPHONEOS_DEPLOYMENT_TARGET = 9.0;
				MTL_ENABLE_DEBUG_INFO = NO;
				SDKROOT = iphoneos;
				VALIDATE_PRODUCT = YES;
			};
			name = Release;
		};
		47E314B01BB785DE00AAFDE8 /* Debug */ = {
			isa = XCBuildConfiguration;
			buildSettings = {
				ASSETCATALOG_COMPILER_APPICON_NAME = AppIcon;
				INFOPLIST_FILE = Psychologist/Info.plist;
				LD_RUNPATH_SEARCH_PATHS = "$(inherited) @executable_path/Frameworks";
				PRODUCT_BUNDLE_IDENTIFIER = com.dongtao.Psychologist;
				PRODUCT_NAME = "$(TARGET_NAME)";
			};
			name = Debug;
		};
		47E314B11BB785DE00AAFDE8 /* Release */ = {
			isa = XCBuildConfiguration;
			buildSettings = {
				ASSETCATALOG_COMPILER_APPICON_NAME = AppIcon;
				INFOPLIST_FILE = Psychologist/Info.plist;
				LD_RUNPATH_SEARCH_PATHS = "$(inherited) @executable_path/Frameworks";
				PRODUCT_BUNDLE_IDENTIFIER = com.dongtao.Psychologist;
				PRODUCT_NAME = "$(TARGET_NAME)";
			};
			name = Release;
		};
		47E314B31BB785DE00AAFDE8 /* Debug */ = {
			isa = XCBuildConfiguration;
			buildSettings = {
				BUNDLE_LOADER = "$(TEST_HOST)";
				INFOPLIST_FILE = PsychologistTests/Info.plist;
				LD_RUNPATH_SEARCH_PATHS = "$(inherited) @executable_path/Frameworks @loader_path/Frameworks";
				PRODUCT_BUNDLE_IDENTIFIER = com.dongtao.PsychologistTests;
				PRODUCT_NAME = "$(TARGET_NAME)";
				TEST_HOST = "$(BUILT_PRODUCTS_DIR)/Psychologist.app/Psychologist";
			};
			name = Debug;
		};
		47E314B41BB785DE00AAFDE8 /* Release */ = {
			isa = XCBuildConfiguration;
			buildSettings = {
				BUNDLE_LOADER = "$(TEST_HOST)";
				INFOPLIST_FILE = PsychologistTests/Info.plist;
				LD_RUNPATH_SEARCH_PATHS = "$(inherited) @executable_path/Frameworks @loader_path/Frameworks";
				PRODUCT_BUNDLE_IDENTIFIER = com.dongtao.PsychologistTests;
				PRODUCT_NAME = "$(TARGET_NAME)";
				TEST_HOST = "$(BUILT_PRODUCTS_DIR)/Psychologist.app/Psychologist";
			};
			name = Release;
		};
		47E314B61BB785DE00AAFDE8 /* Debug */ = {
			isa = XCBuildConfiguration;
			buildSettings = {
				INFOPLIST_FILE = PsychologistUITests/Info.plist;
				LD_RUNPATH_SEARCH_PATHS = "$(inherited) @executable_path/Frameworks @loader_path/Frameworks";
				PRODUCT_BUNDLE_IDENTIFIER = com.dongtao.PsychologistUITests;
				PRODUCT_NAME = "$(TARGET_NAME)";
				TEST_TARGET_NAME = Psychologist;
				USES_XCTRUNNER = YES;
			};
			name = Debug;
		};
		47E314B71BB785DE00AAFDE8 /* Release */ = {
			isa = XCBuildConfiguration;
			buildSettings = {
				INFOPLIST_FILE = PsychologistUITests/Info.plist;
				LD_RUNPATH_SEARCH_PATHS = "$(inherited) @executable_path/Frameworks @loader_path/Frameworks";
				PRODUCT_BUNDLE_IDENTIFIER = com.dongtao.PsychologistUITests;
				PRODUCT_NAME = "$(TARGET_NAME)";
				TEST_TARGET_NAME = Psychologist;
				USES_XCTRUNNER = YES;
			};
			name = Release;
		};
/* End XCBuildConfiguration section */

/* Begin XCConfigurationList section */
		47E314821BB785DE00AAFDE8 /* Build configuration list for PBXProject "Psychologist" */ = {
			isa = XCConfigurationList;
			buildConfigurations = (
				47E314AD1BB785DE00AAFDE8 /* Debug */,
				47E314AE1BB785DE00AAFDE8 /* Release */,
			);
			defaultConfigurationIsVisible = 0;
			defaultConfigurationName = Release;
		};
		47E314AF1BB785DE00AAFDE8 /* Build configuration list for PBXNativeTarget "Psychologist" */ = {
			isa = XCConfigurationList;
			buildConfigurations = (
				47E314B01BB785DE00AAFDE8 /* Debug */,
				47E314B11BB785DE00AAFDE8 /* Release */,
			);
			defaultConfigurationIsVisible = 0;
			defaultConfigurationName = Release;
		};
		47E314B21BB785DE00AAFDE8 /* Build configuration list for PBXNativeTarget "PsychologistTests" */ = {
			isa = XCConfigurationList;
			buildConfigurations = (
				47E314B31BB785DE00AAFDE8 /* Debug */,
				47E314B41BB785DE00AAFDE8 /* Release */,
			);
			defaultConfigurationIsVisible = 0;
			defaultConfigurationName = Release;
		};
		47E314B51BB785DE00AAFDE8 /* Build configuration list for PBXNativeTarget "PsychologistUITests" */ = {
			isa = XCConfigurationList;
			buildConfigurations = (
				47E314B61BB785DE00AAFDE8 /* Debug */,
				47E314B71BB785DE00AAFDE8 /* Release */,
			);
			defaultConfigurationIsVisible = 0;
			defaultConfigurationName = Release;
		};
/* End XCConfigurationList section */
	};
	rootObject = 47E3147F1BB785DE00AAFDE8 /* Project object */;
}
